PODS:
  - Auth0 (1.9.2):
    - SimpleKeychain
  - SimpleKeychain (0.8.0)

DEPENDENCIES:
  - Auth0 (~> 1.9)

SPEC CHECKSUMS:
  Auth0: 9eceebf97b6b3482eaed82193e090b50c3bd8ad6
  SimpleKeychain: 84c748463eec601dfee5e7990f55cc82edc5488d

PODFILE CHECKSUM: 05b7734028fa40aaca56bdccd1193f8c39c3202b

COCOAPODS: 1.3.1
